// !$*UTF8*$!
{
	archiveVersion = 1;
	classes = {
	};
	objectVersion = 46;
	objects = {

/* Begin PBXBuildFile section */
		C24900AF1DC099D700BFEDF4 /* AppDelegate.swift in Sources */ = {isa = PBXBuildFile; fileRef = C24900AE1DC099D700BFEDF4 /* AppDelegate.swift */; };
		C24900B11DC099D700BFEDF4 /* ViewController.swift in Sources */ = {isa = PBXBuildFile; fileRef = C24900B01DC099D700BFEDF4 /* ViewController.swift */; };
		C24900B41DC099D700BFEDF4 /* Main.storyboard in Resources */ = {isa = PBXBuildFile; fileRef = C24900B21DC099D700BFEDF4 /* Main.storyboard */; };
		C24900B61DC099D700BFEDF4 /* Assets.xcassets in Resources */ = {isa = PBXBuildFile; fileRef = C24900B51DC099D700BFEDF4 /* Assets.xcassets */; };
		C24900B91DC099D700BFEDF4 /* LaunchScreen.storyboard in Resources */ = {isa = PBXBuildFile; fileRef = C24900B71DC099D700BFEDF4 /* LaunchScreen.storyboard */; };
/* End PBXBuildFile section */

/* Begin PBXFileReference section */
		C24900AB1DC099D700BFEDF4 /* HealthApp.app */ = {isa = PBXFileReference; explicitFileType = wrapper.application; includeInIndex = 0; path = HealthApp.app; sourceTree = BUILT_PRODUCTS_DIR; };
		C24900AE1DC099D700BFEDF4 /* AppDelegate.swift */ = {isa = PBXFileReference; lastKnownFileType = sourcecode.swift; path = AppDelegate.swift; sourceTree = "<group>"; };
		C24900B01DC099D700BFEDF4 /* ViewController.swift */ = {isa = PBXFileReference; lastKnownFileType = sourcecode.swift; path = ViewController.swift; sourceTree = "<group>"; };
		C24900B31DC099D700BFEDF4 /* Base */ = {isa = PBXFileReference; lastKnownFileType = file.storyboard; name = Base; path = Base.lproj/Main.storyboard; sourceTree = "<group>"; };
		C24900B51DC099D700BFEDF4 /* Assets.xcassets */ = {isa = PBXFileReference; lastKnownFileType = folder.assetcatalog; path = Assets.xcassets; sourceTree = "<group>"; };
		C24900B81DC099D700BFEDF4 /* Base */ = {isa = PBXFileReference; lastKnownFileType = file.storyboard; name = Base; path = Base.lproj/LaunchScreen.storyboard; sourceTree = "<group>"; };
		C24900BA1DC099D700BFEDF4 /* Info.plist */ = {isa = PBXFileReference; lastKnownFileType = text.plist.xml; path = Info.plist; sourceTree = "<group>"; };
/* End PBXFileReference section */

/* Begin PBXFrameworksBuildPhase section */
		C24900A81DC099D700BFEDF4 /* Frameworks */ = {
			isa = PBXFrameworksBuildPhase;
			buildActionMask = 2147483647;
			files = (
			);
			runOnlyForDeploymentPostprocessing = 0;
		};
/* End PBXFrameworksBuildPhase section */

/* Begin PBXGroup section */
		C24900A21DC099D700BFEDF4 = {
			isa = PBXGroup;
			children = (
				C24900AD1DC099D700BFEDF4 /* HealthApp */,
				C24900AC1DC099D700BFEDF4 /* Products */,
			);
			sourceTree = "<group>";
		};
		C24900AC1DC099D700BFEDF4 /* Products */ = {
			isa = PBXGroup;
			children = (
				C24900AB1DC099D700BFEDF4 /* HealthApp.app */,
			);
			name = Products;
			sourceTree = "<group>";
		};
		C24900AD1DC099D700BFEDF4 /* HealthApp */ = {
			isa = PBXGroup;
			children = (
				C24900AE1DC099D700BFEDF4 /* AppDelegate.swift */,
				C24900B01DC099D700BFEDF4 /* ViewController.swift */,
				C24900B21DC099D700BFEDF4 /* Main.storyboard */,
				C24900B51DC099D700BFEDF4 /* Assets.xcassets */,
				C24900B71DC099D700BFEDF4 /* LaunchScreen.storyboard */,
				C24900BA1DC099D700BFEDF4 /* Info.plist */,
			);
			path = HealthApp;
			sourceTree = "<group>";
		};
/* End PBXGroup section */

/* Begin PBXNativeTarget section */
		C24900AA1DC099D700BFEDF4 /* HealthApp */ = {
			isa = PBXNativeTarget;
			buildConfigurationList = C24900BD1DC099D700BFEDF4 /* Build configuration list for PBXNativeTarget "HealthApp" */;
			buildPhases = (
				C24900A71DC099D700BFEDF4 /* Sources */,
				C24900A81DC099D700BFEDF4 /* Frameworks */,
				C24900A91DC099D700BFEDF4 /* Resources */,
			);
			buildRules = (
			);
			dependencies = (
			);
			name = HealthApp;
			productName = HealthApp;
			productReference = C24900AB1DC099D700BFEDF4 /* HealthApp.app */;
			productType = "com.apple.product-type.application";
		};
/* End PBXNativeTarget section */

/* Begin PBXProject section */
		C24900A31DC099D700BFEDF4 /* Project object */ = {
			isa = PBXProject;
			attributes = {
				LastSwiftUpdateCheck = 0800;
				LastUpgradeCheck = 0800;
				ORGANIZATIONNAME = "Wong Sam";
				TargetAttributes = {
					C24900AA1DC099D700BFEDF4 = {
						CreatedOnToolsVersion = 8.0;
						DevelopmentTeam = B3383D8BEF;
						ProvisioningStyle = Automatic;
					};
				};
			};
			buildConfigurationList = C24900A61DC099D700BFEDF4 /* Build configuration list for PBXProject "HealthApp" */;
			compatibilityVersion = "Xcode 3.2";
			developmentRegion = English;
			hasScannedForEncodings = 0;
			knownRegions = (
				en,
				Base,
			);
			mainGroup = C24900A21DC099D700BFEDF4;
			productRefGroup = C24900AC1DC099D700BFEDF4 /* Products */;
			projectDirPath = "";
			projectRoot = "";
			targets = (
				C24900AA1DC099D700BFEDF4 /* HealthApp */,
			);
		};
/* End PBXProject section */

/* Begin PBXResourcesBuildPhase section */
		C24900A91DC099D700BFEDF4 /* Resources */ = {
			isa = PBXResourcesBuildPhase;
			buildActionMask = 2147483647;
			files = (
				C24900B91DC099D700BFEDF4 /* LaunchScreen.storyboard in Resources */,
				C24900B61DC099D700BFEDF4 /* Assets.xcassets in Resources */,
				C24900B41DC099D700BFEDF4 /* Main.storyboard in Resources */,
			);
			runOnlyForDeploymentPostprocessing = 0;
		};
/* End PBXResourcesBuildPhase section */

/* Begin PBXSourcesBuildPhase section */
		C24900A71DC099D700BFEDF4 /* Sources */ = {
			isa = PBXSourcesBuildPhase;
			buildActionMask = 2147483647;
			files = (
				C24900B11DC099D700BFEDF4 /* ViewController.swift in Sources */,
				C24900AF1DC099D700BFEDF4 /* AppDelegate.swift in Sources */,
			);
			runOnlyForDeploymentPostprocessing = 0;
		};
/* End PBXSourcesBuildPhase section */

/* Begin PBXVariantGroup section */
		C24900B21DC099D700BFEDF4 /* Main.storyboard */ = {
			isa = PBXVariantGroup;
			children = (
				C24900B31DC099D700BFEDF4 /* Base */,
			);
			name = Main.storyboard;
			sourceTree = "<group>";
		};
		C24900B71DC099D700BFEDF4 /* LaunchScreen.storyboard */ = {
			isa = PBXVariantGroup;
			children = (
				C24900B81DC099D700BFEDF4 /* Base */,
			);
			name = LaunchScreen.storyboard;
			sourceTree = "<group>";
		};
/* End PBXVariantGroup section */

/* Begin XCBuildConfiguration section */
		C24900BB1DC099D700BFEDF4 /* Debug */ = {
			isa = XCBuildConfiguration;
			buildSettings = {
				ALWAYS_SEARCH_USER_PATHS = NO;
				CLANG_ANALYZER_NONNULL = YES;
				CLANG_CXX_LANGUAGE_STANDARD = "gnu++0x";
				CLANG_CXX_LIBRARY = "libc++";
				CLANG_ENABLE_MODULES = YES;
				CLANG_ENABLE_OBJC_ARC = YES;
				CLANG_WARN_BOOL_CONVERSION = YES;
				CLANG_WARN_CONSTANT_CONVERSION = YES;
				CLANG_WARN_DIRECT_OBJC_ISA_USAGE = YES_ERROR;
				CLANG_WARN_DOCUMENTATION_COMMENTS = YES;
				CLANG_WARN_EMPTY_BODY = YES;
				CLANG_WARN_ENUM_CONVERSION = YES;
				CLANG_WARN_INFINITE_RECURSION = YES;
				CLANG_WARN_INT_CONVERSION = YES;
				CLANG_WARN_OBJC_ROOT_CLASS = YES_ERROR;
				CLANG_WARN_SUSPICIOUS_MOVES = YES;
				CLANG_WARN_UNREACHABLE_CODE = YES;
				CLANG_WARN__DUPLICATE_METHOD_MATCH = YES;
				"CODE_SIGN_IDENTITY[sdk=iphoneos*]" = "iPhone Developer";
				COPY_PHASE_STRIP = NO;
				DEBUG_INFORMATION_FORMAT = dwarf;
				ENABLE_STRICT_OBJC_MSGSEND = YES;
				ENABLE_TESTABILITY = YES;
				GCC_C_LANGUAGE_STANDARD = gnu99;
				GCC_DYNAMIC_NO_PIC = NO;
				GCC_NO_COMMON_BLOCKS = YES;
				GCC_OPTIMIZATION_LEVEL = 0;
				GCC_PREPROCESSOR_DEFINITIONS = (
					"DEBUG=1",
					"$(inherited)",
				);
				GCC_WARN_64_TO_32_BIT_CONVERSION = YES;
				GCC_WARN_ABOUT_RETURN_TYPE = YES_ERROR;
				GCC_WARN_UNDECLARED_SELECTOR = YES;
				GCC_WARN_UNINITIALIZED_AUTOS = YES_AGGRESSIVE;
				GCC_WARN_UNUSED_FUNCTION = YES;
				GCC_WARN_UNUSED_VARIABLE = YES;
				IPHONEOS_DEPLOYMENT_TARGET = 10.0;
				MTL_ENABLE_DEBUG_INFO = YES;
				ONLY_ACTIVE_ARCH = YES;
				SDKROOT = iphoneos;
				SWIFT_ACTIVE_COMPILATION_CONDITIONS = DEBUG;
				SWIFT_OPTIMIZATION_LEVEL = "-Onone";
			};
			name = Debug;
		};
		C24900BC1DC099D700BFEDF4 /* Release */ = {
			isa = XCBuildConfiguration;
			buildSettings = {
				ALWAYS_SEARCH_USER_PATHS = NO;
				CLANG_ANALYZER_NONNULL = YES;
				CLANG_CXX_LANGUAGE_STANDARD = "gnu++0x";
				CLANG_CXX_LIBRARY = "libc++";
				CLANG_ENABLE_MODULES = YES;
				CLANG_ENABLE_OBJC_ARC = YES;
				CLANG_WARN_BOOL_CONVERSION = YES;
				CLANG_WARN_CONSTANT_CONVERSION = YES;
				CLANG_WARN_DIRECT_OBJC_ISA_USAGE = YES_ERROR;
				CLANG_WARN_DOCUMENTATION_COMMENTS = YES;
				CLANG_WARN_EMPTY_BODY = YES;
				CLANG_WARN_ENUM_CONVERSION = YES;
				CLANG_WARN_INFINITE_RECURSION = YES;
				CLANG_WARN_INT_CONVERSION = YES;
				CLANG_WARN_OBJC_ROOT_CLASS = YES_ERROR;
				CLANG_WARN_SUSPICIOUS_MOVES = YES;
				CLANG_WARN_UNREACHABLE_CODE = YES;
				CLANG_WARN__DUPLICATE_METHOD_MATCH = YES;
				"CODE_SIGN_IDENTITY[sdk=iphoneos*]" = "iPhone Developer";
				COPY_PHASE_STRIP = NO;
				DEBUG_INFORMATION_FORMAT = "dwarf-with-dsym";
				ENABLE_NS_ASSERTIONS = NO;
				ENABLE_STRICT_OBJC_MSGSEND = YES;
				GCC_C_LANGUAGE_STANDARD = gnu99;
				GCC_NO_COMMON_BLOCKS = YES;
				GCC_WARN_64_TO_32_BIT_CONVERSION = YES;
				GCC_WARN_ABOUT_RETURN_TYPE = YES_ERROR;
				GCC_WARN_UNDECLARED_SELECTOR = YES;
				GCC_WARN_UNINITIALIZED_AUTOS = YES_AGGRESSIVE;
				GCC_WARN_UNUSED_FUNCTION = YES;
				GCC_WARN_UNUSED_VARIABLE = YES;
				IPHONEOS_DEPLOYMENT_TARGET = 10.0;
				MTL_ENABLE_DEBUG_INFO = NO;
				SDKROOT = iphoneos;
				SWIFT_OPTIMIZATION_LEVEL = "-Owholemodule";
				VALIDATE_PRODUCT = YES;
			};
			name = Release;
		};
		C24900BE1DC099D700BFEDF4 /* Debug */ = {
			isa = XCBuildConfiguration;
			buildSettings = {
				ASSETCATALOG_COMPILER_APPICON_NAME = AppIcon;
				DEVELOPMENT_TEAM = B3383D8BEF;
				INFOPLIST_FILE = HealthApp/Info.plist;
				LD_RUNPATH_SEARCH_PATHS = "$(inherited) @executable_path/Frameworks";
				PRODUCT_BUNDLE_IDENTIFIER = com.example.ik1605.HealthApp;
				PRODUCT_NAME = "$(TARGET_NAME)";
				SWIFT_VERSION = 3.0;
			};
			name = Debug;
		};
		C24900BF1DC099D700BFEDF4 /* Release */ = {
			isa = XCBuildConfiguration;
			buildSettings = {
				ASSETCATALOG_COMPILER_APPICON_NAME = AppIcon;
				DEVELOPMENT_TEAM = B3383D8BEF;
				INFOPLIST_FILE = HealthApp/Info.plist;
				LD_RUNPATH_SEARCH_PATHS = "$(inherited) @executable_path/Frameworks";
				PRODUCT_BUNDLE_IDENTIFIER = com.example.ik1605.HealthApp;
				PRODUCT_NAME = "$(TARGET_NAME)";
				SWIFT_VERSION = 3.0;
			};
			name = Release;
		};
/* End XCBuildConfiguration section */

/* Begin XCConfigurationList section */
		C24900A61DC099D700BFEDF4 /* Build configuration list for PBXProject "HealthApp" */ = {
			isa = XCConfigurationList;
			buildConfigurations = (
				C24900BB1DC099D700BFEDF4 /* Debug */,
				C24900BC1DC099D700BFEDF4 /* Release */,
			);
			defaultConfigurationIsVisible = 0;
			defaultConfigurationName = Release;
		};
		C24900BD1DC099D700BFEDF4 /* Build configuration list for PBXNativeTarget "HealthApp" */ = {
			isa = XCConfigurationList;
			buildConfigurations = (
				C24900BE1DC099D700BFEDF4 /* Debug */,
				C24900BF1DC099D700BFEDF4 /* Release */,
			);
			defaultConfigurationIsVisible = 0;
		};
/* End XCConfigurationList section */
	};
	rootObject = C24900A31DC099D700BFEDF4 /* Project object */;
}
